
Microsoft Visual Studio Solution File, Format Version 12.00
# Visual Studio Version 16
VisualStudioVersion = 16.0.31321.278
MinimumVisualStudioVersion = 10.0.40219.1
Project("{FAE04EC0-301F-11D3-BF4B-00C04F79EFBC}") = "countrytest", "countrytest\countrytest.csproj", "{46408D5B-E113-48B9-BC15-C6A5CB5B7A91}"
EndProject
Global
	GlobalSection(SolutionConfigurationPlatforms) = preSolution
		Debug|Any CPU = Debug|Any CPU
		Release|Any CPU = Release|Any CPU
	EndGlobalSection
	GlobalSection(ProjectConfigurationPlatforms) = postSolution
		{46408D5B-E113-48B9-BC15-C6A5CB5B7A91}.Debug|Any CPU.ActiveCfg = Debug|Any CPU
		{46408D5B-E113-48B9-BC15-C6A5CB5B7A91}.Debug|Any CPU.Build.0 = Debug|Any CPU
		{46408D5B-E113-48B9-BC15-C6A5CB5B7A91}.Release|Any CPU.ActiveCfg = Release|Any CPU
		{46408D5B-E113-48B9-BC15-C6A5CB5B7A91}.Release|Any CPU.Build.0 = Release|Any CPU
	EndGlobalSection
	GlobalSection(SolutionProperties) = preSolution
		HideSolutionNode = FALSE
	EndGlobalSection
	GlobalSection(ExtensibilityGlobals) = postSolution
		SolutionGuid = {848623BF-DBE9-445E-8A85-4DFCCCC74B06}
	EndGlobalSection
EndGlobal
